
Microsoft Visual Studio Solution File, Format Version 12.00
# Visual Studio Version 16
VisualStudioVersion = 16.0.31321.278
MinimumVisualStudioVersion = 10.0.40219.1
Project("{FAE04EC0-301F-11D3-BF4B-00C04F79EFBC}") = "EthanDiaz.Android", "EthanDiaz\EthanDiaz.Android\EthanDiaz.Android.csproj", "{158F9E11-07BD-4934-91AF-58D71881589D}"
EndProject
Project("{FAE04EC0-301F-11D3-BF4B-00C04F79EFBC}") = "EthanDiaz", "EthanDiaz\EthanDiaz\EthanDiaz.csproj", "{611AE8A3-B39A-4853-BD9D-3FF7A0796FD2}"
EndProject
Global
	GlobalSection(SolutionConfigurationPlatforms) = preSolution
		Debug|Any CPU = Debug|Any CPU
		Release|Any CPU = Release|Any CPU
	EndGlobalSection
	GlobalSection(ProjectConfigurationPlatforms) = postSolution
		{158F9E11-07BD-4934-91AF-58D71881589D}.Debug|Any CPU.ActiveCfg = Debug|Any CPU
		{158F9E11-07BD-4934-91AF-58D71881589D}.Debug|Any CPU.Build.0 = Debug|Any CPU
		{158F9E11-07BD-4934-91AF-58D71881589D}.Debug|Any CPU.Deploy.0 = Debug|Any CPU
		{158F9E11-07BD-4934-91AF-58D71881589D}.Release|Any CPU.ActiveCfg = Release|Any CPU
		{158F9E11-07BD-4934-91AF-58D71881589D}.Release|Any CPU.Build.0 = Release|Any CPU
		{158F9E11-07BD-4934-91AF-58D71881589D}.Release|Any CPU.Deploy.0 = Release|Any CPU
		{611AE8A3-B39A-4853-BD9D-3FF7A0796FD2}.Debug|Any CPU.ActiveCfg = Debug|Any CPU
		{611AE8A3-B39A-4853-BD9D-3FF7A0796FD2}.Debug|Any CPU.Build.0 = Debug|Any CPU
		{611AE8A3-B39A-4853-BD9D-3FF7A0796FD2}.Debug|Any CPU.Deploy.0 = Debug|Any CPU
		{611AE8A3-B39A-4853-BD9D-3FF7A0796FD2}.Release|Any CPU.ActiveCfg = Release|Any CPU
		{611AE8A3-B39A-4853-BD9D-3FF7A0796FD2}.Release|Any CPU.Build.0 = Release|Any CPU
		{611AE8A3-B39A-4853-BD9D-3FF7A0796FD2}.Release|Any CPU.Deploy.0 = Release|Any CPU
	EndGlobalSection
	GlobalSection(SolutionProperties) = preSolution
		HideSolutionNode = FALSE
	EndGlobalSection
	GlobalSection(ExtensibilityGlobals) = postSolution
		SolutionGuid = {92A7EDF1-E840-4CFE-A426-1CC34BB33AA9}
	EndGlobalSection
EndGlobal
